
Microsoft Visual Studio Solution File, Format Version 12.00
# Visual Studio Version 17
VisualStudioVersion = 17.10.35027.167
MinimumVisualStudioVersion = 10.0.40219.1
Project("{FAE04EC0-301F-11D3-BF4B-00C04F79EFBC}") = "09-25CSharp", "09-25CSharp\09-25CSharp.csproj", "{90721BB3-D8D8-4AAA-9ECF-07E5470831BA}"
EndProject
Global
	GlobalSection(SolutionConfigurationPlatforms) = preSolution
		Debug|Any CPU = Debug|Any CPU
		Release|Any CPU = Release|Any CPU
	EndGlobalSection
	GlobalSection(ProjectConfigurationPlatforms) = postSolution
		{90721BB3-D8D8-4AAA-9ECF-07E5470831BA}.Debug|Any CPU.ActiveCfg = Debug|Any CPU
		{90721BB3-D8D8-4AAA-9ECF-07E5470831BA}.Debug|Any CPU.Build.0 = Debug|Any CPU
		{90721BB3-D8D8-4AAA-9ECF-07E5470831BA}.Release|Any CPU.ActiveCfg = Release|Any CPU
		{90721BB3-D8D8-4AAA-9ECF-07E5470831BA}.Release|Any CPU.Build.0 = Release|Any CPU
	EndGlobalSection
	GlobalSection(SolutionProperties) = preSolution
		HideSolutionNode = FALSE
	EndGlobalSection
	GlobalSection(ExtensibilityGlobals) = postSolution
		SolutionGuid = {1ECA3DAF-852E-420F-9FF2-242483D5A0A3}
	EndGlobalSection
EndGlobal
